
Microsoft Visual Studio Solution File, Format Version 12.00
# Visual Studio 15
VisualStudioVersion = 15.0.27130.2036
MinimumVisualStudioVersion = 10.0.40219.1
Project("{FAE04EC0-301F-11D3-BF4B-00C04F79EFBC}") = "rafapdes90.combate", "rafapdes90.combate\rafapdes90.combate.csproj", "{D69B5CCD-07C3-407C-B54C-CB505AF66BB9}"
EndProject
Global
	GlobalSection(SolutionConfigurationPlatforms) = preSolution
		Debug|Any CPU = Debug|Any CPU
		Release|Any CPU = Release|Any CPU
	EndGlobalSection
	GlobalSection(ProjectConfigurationPlatforms) = postSolution
		{D69B5CCD-07C3-407C-B54C-CB505AF66BB9}.Debug|Any CPU.ActiveCfg = Debug|Any CPU
		{D69B5CCD-07C3-407C-B54C-CB505AF66BB9}.Debug|Any CPU.Build.0 = Debug|Any CPU
		{D69B5CCD-07C3-407C-B54C-CB505AF66BB9}.Release|Any CPU.ActiveCfg = Release|Any CPU
		{D69B5CCD-07C3-407C-B54C-CB505AF66BB9}.Release|Any CPU.Build.0 = Release|Any CPU
	EndGlobalSection
	GlobalSection(SolutionProperties) = preSolution
		HideSolutionNode = FALSE
	EndGlobalSection
	GlobalSection(ExtensibilityGlobals) = postSolution
		SolutionGuid = {7F11B576-501A-4565-BC0F-053E58E44676}
	EndGlobalSection
EndGlobal
